
Microsoft Visual Studio Solution File, Format Version 12.00
# Visual Studio 15
Project("{FAE04EC0-301F-11D3-BF4B-00C04F79EFBC}") = "Assembly-CSharp", "Assembly-CSharp.csproj", "{99FAA7FE-690F-6D6B-AFA9-4C4EF3F7AE2C}"
EndProject
Project("{FAE04EC0-301F-11D3-BF4B-00C04F79EFBC}") = "Assembly-CSharp-firstpass", "Assembly-CSharp-firstpass.csproj", "{B5B23C7F-00EF-5335-1C7D-7E99AF12F0CB}"
EndProject
Project("{FAE04EC0-301F-11D3-BF4B-00C04F79EFBC}") = "Assembly-CSharp-Editor-firstpass", "Assembly-CSharp-Editor-firstpass.csproj", "{999B988C-9CE9-C6DD-1B83-22760C0AC626}"
EndProject
Project("{FAE04EC0-301F-11D3-BF4B-00C04F79EFBC}") = "Assembly-CSharp-Editor", "Assembly-CSharp-Editor.csproj", "{B14E7E92-BFC0-63AE-A027-7F1317B623C0}"
EndProject
Global
	GlobalSection(SolutionConfigurationPlatforms) = preSolution
		Debug|Any CPU = Debug|Any CPU
		Release|Any CPU = Release|Any CPU
	EndGlobalSection
	GlobalSection(ProjectConfigurationPlatforms) = postSolution
		{99FAA7FE-690F-6D6B-AFA9-4C4EF3F7AE2C}.Debug|Any CPU.ActiveCfg = Debug|Any CPU
		{99FAA7FE-690F-6D6B-AFA9-4C4EF3F7AE2C}.Debug|Any CPU.Build.0 = Debug|Any CPU
		{99FAA7FE-690F-6D6B-AFA9-4C4EF3F7AE2C}.Release|Any CPU.ActiveCfg = Release|Any CPU
		{99FAA7FE-690F-6D6B-AFA9-4C4EF3F7AE2C}.Release|Any CPU.Build.0 = Release|Any CPU
		{B5B23C7F-00EF-5335-1C7D-7E99AF12F0CB}.Debug|Any CPU.ActiveCfg = Debug|Any CPU
		{B5B23C7F-00EF-5335-1C7D-7E99AF12F0CB}.Debug|Any CPU.Build.0 = Debug|Any CPU
		{B5B23C7F-00EF-5335-1C7D-7E99AF12F0CB}.Release|Any CPU.ActiveCfg = Release|Any CPU
		{B5B23C7F-00EF-5335-1C7D-7E99AF12F0CB}.Release|Any CPU.Build.0 = Release|Any CPU
		{999B988C-9CE9-C6DD-1B83-22760C0AC626}.Debug|Any CPU.ActiveCfg = Debug|Any CPU
		{999B988C-9CE9-C6DD-1B83-22760C0AC626}.Debug|Any CPU.Build.0 = Debug|Any CPU
		{999B988C-9CE9-C6DD-1B83-22760C0AC626}.Release|Any CPU.ActiveCfg = Release|Any CPU
		{999B988C-9CE9-C6DD-1B83-22760C0AC626}.Release|Any CPU.Build.0 = Release|Any CPU
		{B14E7E92-BFC0-63AE-A027-7F1317B623C0}.Debug|Any CPU.ActiveCfg = Debug|Any CPU
		{B14E7E92-BFC0-63AE-A027-7F1317B623C0}.Debug|Any CPU.Build.0 = Debug|Any CPU
		{B14E7E92-BFC0-63AE-A027-7F1317B623C0}.Release|Any CPU.ActiveCfg = Release|Any CPU
		{B14E7E92-BFC0-63AE-A027-7F1317B623C0}.Release|Any CPU.Build.0 = Release|Any CPU
	EndGlobalSection
	GlobalSection(SolutionProperties) = preSolution
		HideSolutionNode = FALSE
	EndGlobalSection
EndGlobal
