
Microsoft Visual Studio Solution File, Format Version 12.00
# Visual Studio 15
Project("{FAE04EC0-301F-11D3-BF4B-00C04F79EFBC}") = "Assembly-CSharp", "Assembly-CSharp.csproj", "{89DD6F01-524F-D722-2882-084B8117BD58}"
EndProject
Project("{FAE04EC0-301F-11D3-BF4B-00C04F79EFBC}") = "Assembly-CSharp-firstpass", "Assembly-CSharp-firstpass.csproj", "{0F0E3931-21AB-98F1-582E-3640FA7DCF00}"
EndProject
Project("{FAE04EC0-301F-11D3-BF4B-00C04F79EFBC}") = "Assembly-CSharp-Editor-firstpass", "Assembly-CSharp-Editor-firstpass.csproj", "{F1CBA3FD-7CC5-3D87-36EB-F523871FCD65}"
EndProject
Project("{FAE04EC0-301F-11D3-BF4B-00C04F79EFBC}") = "Assembly-CSharp-Editor", "Assembly-CSharp-Editor.csproj", "{467A1AB3-7737-CBB6-9E2D-D1AACD36B82E}"
EndProject
Global
	GlobalSection(SolutionConfigurationPlatforms) = preSolution
		Debug|Any CPU = Debug|Any CPU
		Release|Any CPU = Release|Any CPU
	EndGlobalSection
	GlobalSection(ProjectConfigurationPlatforms) = postSolution
		{89DD6F01-524F-D722-2882-084B8117BD58}.Debug|Any CPU.ActiveCfg = Debug|Any CPU
		{89DD6F01-524F-D722-2882-084B8117BD58}.Debug|Any CPU.Build.0 = Debug|Any CPU
		{89DD6F01-524F-D722-2882-084B8117BD58}.Release|Any CPU.ActiveCfg = Release|Any CPU
		{89DD6F01-524F-D722-2882-084B8117BD58}.Release|Any CPU.Build.0 = Release|Any CPU
		{0F0E3931-21AB-98F1-582E-3640FA7DCF00}.Debug|Any CPU.ActiveCfg = Debug|Any CPU
		{0F0E3931-21AB-98F1-582E-3640FA7DCF00}.Debug|Any CPU.Build.0 = Debug|Any CPU
		{0F0E3931-21AB-98F1-582E-3640FA7DCF00}.Release|Any CPU.ActiveCfg = Release|Any CPU
		{0F0E3931-21AB-98F1-582E-3640FA7DCF00}.Release|Any CPU.Build.0 = Release|Any CPU
		{F1CBA3FD-7CC5-3D87-36EB-F523871FCD65}.Debug|Any CPU.ActiveCfg = Debug|Any CPU
		{F1CBA3FD-7CC5-3D87-36EB-F523871FCD65}.Debug|Any CPU.Build.0 = Debug|Any CPU
		{F1CBA3FD-7CC5-3D87-36EB-F523871FCD65}.Release|Any CPU.ActiveCfg = Release|Any CPU
		{F1CBA3FD-7CC5-3D87-36EB-F523871FCD65}.Release|Any CPU.Build.0 = Release|Any CPU
		{467A1AB3-7737-CBB6-9E2D-D1AACD36B82E}.Debug|Any CPU.ActiveCfg = Debug|Any CPU
		{467A1AB3-7737-CBB6-9E2D-D1AACD36B82E}.Debug|Any CPU.Build.0 = Debug|Any CPU
		{467A1AB3-7737-CBB6-9E2D-D1AACD36B82E}.Release|Any CPU.ActiveCfg = Release|Any CPU
		{467A1AB3-7737-CBB6-9E2D-D1AACD36B82E}.Release|Any CPU.Build.0 = Release|Any CPU
	EndGlobalSection
	GlobalSection(SolutionProperties) = preSolution
		HideSolutionNode = FALSE
	EndGlobalSection
EndGlobal
